
Microsoft Visual Studio Solution File, Format Version 12.00
# Visual Studio Version 17
VisualStudioVersion = 17.7.34024.191
MinimumVisualStudioVersion = 10.0.40219.1
Project("{FAE04EC0-301F-11D3-BF4B-00C04F79EFBC}") = "lab_7", "lab_7.csproj", "{DAF577F2-8DC0-4508-A621-D44B4271EF4A}"
EndProject
Global
	GlobalSection(SolutionConfigurationPlatforms) = preSolution
		Debug|Any CPU = Debug|Any CPU
		Release|Any CPU = Release|Any CPU
	EndGlobalSection
	GlobalSection(ProjectConfigurationPlatforms) = postSolution
		{DAF577F2-8DC0-4508-A621-D44B4271EF4A}.Debug|Any CPU.ActiveCfg = Debug|Any CPU
		{DAF577F2-8DC0-4508-A621-D44B4271EF4A}.Debug|Any CPU.Build.0 = Debug|Any CPU
		{DAF577F2-8DC0-4508-A621-D44B4271EF4A}.Release|Any CPU.ActiveCfg = Release|Any CPU
		{DAF577F2-8DC0-4508-A621-D44B4271EF4A}.Release|Any CPU.Build.0 = Release|Any CPU
	EndGlobalSection
	GlobalSection(SolutionProperties) = preSolution
		HideSolutionNode = FALSE
	EndGlobalSection
	GlobalSection(ExtensibilityGlobals) = postSolution
		SolutionGuid = {6281DC60-06EF-44B2-B982-350DBCCE5754}
	EndGlobalSection
EndGlobal
