
Microsoft Visual Studio Solution File, Format Version 12.00
# Visual Studio Version 17
VisualStudioVersion = 17.7.34024.191
MinimumVisualStudioVersion = 10.0.40219.1
Project("{FAE04EC0-301F-11D3-BF4B-00C04F79EFBC}") = "lab_9", "lab_9.csproj", "{0961490B-303D-487E-BED5-79C830C29F10}"
EndProject
Global
	GlobalSection(SolutionConfigurationPlatforms) = preSolution
		Debug|Any CPU = Debug|Any CPU
		Release|Any CPU = Release|Any CPU
	EndGlobalSection
	GlobalSection(ProjectConfigurationPlatforms) = postSolution
		{0961490B-303D-487E-BED5-79C830C29F10}.Debug|Any CPU.ActiveCfg = Debug|Any CPU
		{0961490B-303D-487E-BED5-79C830C29F10}.Debug|Any CPU.Build.0 = Debug|Any CPU
		{0961490B-303D-487E-BED5-79C830C29F10}.Release|Any CPU.ActiveCfg = Release|Any CPU
		{0961490B-303D-487E-BED5-79C830C29F10}.Release|Any CPU.Build.0 = Release|Any CPU
	EndGlobalSection
	GlobalSection(SolutionProperties) = preSolution
		HideSolutionNode = FALSE
	EndGlobalSection
	GlobalSection(ExtensibilityGlobals) = postSolution
		SolutionGuid = {C7CF659C-0567-455B-A15B-34A1314821B9}
	EndGlobalSection
EndGlobal
