
Microsoft Visual Studio Solution File, Format Version 12.00
# Visual Studio Version 17
VisualStudioVersion = 17.7.34024.191
MinimumVisualStudioVersion = 10.0.40219.1
Project("{FAE04EC0-301F-11D3-BF4B-00C04F79EFBC}") = "lab_11", "lab_11.csproj", "{23FC3F36-6681-4C6A-8A64-1F8A0501F49A}"
EndProject
Global
	GlobalSection(SolutionConfigurationPlatforms) = preSolution
		Debug|Any CPU = Debug|Any CPU
		Release|Any CPU = Release|Any CPU
	EndGlobalSection
	GlobalSection(ProjectConfigurationPlatforms) = postSolution
		{23FC3F36-6681-4C6A-8A64-1F8A0501F49A}.Debug|Any CPU.ActiveCfg = Debug|Any CPU
		{23FC3F36-6681-4C6A-8A64-1F8A0501F49A}.Debug|Any CPU.Build.0 = Debug|Any CPU
		{23FC3F36-6681-4C6A-8A64-1F8A0501F49A}.Release|Any CPU.ActiveCfg = Release|Any CPU
		{23FC3F36-6681-4C6A-8A64-1F8A0501F49A}.Release|Any CPU.Build.0 = Release|Any CPU
	EndGlobalSection
	GlobalSection(SolutionProperties) = preSolution
		HideSolutionNode = FALSE
	EndGlobalSection
	GlobalSection(ExtensibilityGlobals) = postSolution
		SolutionGuid = {F4E0F9F9-7CB9-48F3-90F4-9B5A68980E10}
	EndGlobalSection
EndGlobal
